
Microsoft Visual Studio Solution File, Format Version 12.00
# Visual Studio 2012
Project("{FAE04EC0-301F-11D3-BF4B-00C04F79EFBC}") = "GettingStarted", "GettingStarted\GettingStarted.csproj", "{0AC003A0-1666-48E4-BA68-AFACBBD844D7}"
EndProject
Project("{FAE04EC0-301F-11D3-BF4B-00C04F79EFBC}") = "UpdateSourceExplicit", "UpdateSourceExplicit\UpdateSourceExplicit.csproj", "{EB125952-383D-4548-84E1-3F530E371707}"
EndProject
Global
	GlobalSection(SolutionConfigurationPlatforms) = preSolution
		Debug|Any CPU = Debug|Any CPU
		Release|Any CPU = Release|Any CPU
	EndGlobalSection
	GlobalSection(ProjectConfigurationPlatforms) = postSolution
		{0AC003A0-1666-48E4-BA68-AFACBBD844D7}.Debug|Any CPU.ActiveCfg = Debug|Any CPU
		{0AC003A0-1666-48E4-BA68-AFACBBD844D7}.Debug|Any CPU.Build.0 = Debug|Any CPU
		{0AC003A0-1666-48E4-BA68-AFACBBD844D7}.Release|Any CPU.ActiveCfg = Release|Any CPU
		{0AC003A0-1666-48E4-BA68-AFACBBD844D7}.Release|Any CPU.Build.0 = Release|Any CPU
		{EB125952-383D-4548-84E1-3F530E371707}.Debug|Any CPU.ActiveCfg = Debug|Any CPU
		{EB125952-383D-4548-84E1-3F530E371707}.Debug|Any CPU.Build.0 = Debug|Any CPU
		{EB125952-383D-4548-84E1-3F530E371707}.Release|Any CPU.ActiveCfg = Release|Any CPU
		{EB125952-383D-4548-84E1-3F530E371707}.Release|Any CPU.Build.0 = Release|Any CPU
	EndGlobalSection
	GlobalSection(SolutionProperties) = preSolution
		HideSolutionNode = FALSE
	EndGlobalSection
EndGlobal
